
Microsoft Visual Studio Solution File, Format Version 12.00
# Visual Studio Version 17
VisualStudioVersion = 17.5.33530.505
MinimumVisualStudioVersion = 10.0.40219.1
Project("{FAE04EC0-301F-11D3-BF4B-00C04F79EFBC}") = "Project15", "Project15\Project15.csproj", "{BCF03A82-BB36-45AD-A846-4CC3D9E08F0A}"
EndProject
Global
	GlobalSection(SolutionConfigurationPlatforms) = preSolution
		Debug|Any CPU = Debug|Any CPU
		Release|Any CPU = Release|Any CPU
	EndGlobalSection
	GlobalSection(ProjectConfigurationPlatforms) = postSolution
		{BCF03A82-BB36-45AD-A846-4CC3D9E08F0A}.Debug|Any CPU.ActiveCfg = Debug|Any CPU
		{BCF03A82-BB36-45AD-A846-4CC3D9E08F0A}.Debug|Any CPU.Build.0 = Debug|Any CPU
		{BCF03A82-BB36-45AD-A846-4CC3D9E08F0A}.Release|Any CPU.ActiveCfg = Release|Any CPU
		{BCF03A82-BB36-45AD-A846-4CC3D9E08F0A}.Release|Any CPU.Build.0 = Release|Any CPU
	EndGlobalSection
	GlobalSection(SolutionProperties) = preSolution
		HideSolutionNode = FALSE
	EndGlobalSection
	GlobalSection(ExtensibilityGlobals) = postSolution
		SolutionGuid = {431275D4-B340-48DA-B2FB-FDF51F96C573}
	EndGlobalSection
EndGlobal
